PODS:
  - AuviousGoogleWebRTC (84.4147.4)
  - AuviousSDK (1.4.0-rc.3):
    - AuviousGoogleWebRTC (~> 84.4147.4)
    - CocoaMQTTWebsocket_IOS13
    - MqttCocoaAsyncSocket_IOS13 (~> 14.0.0)
    - Sentry (~> 8.0)
    - Starscream_IOS13 (~> 4.0.4)
    - SwiftyJSON (~> 5.0)
  - CocoaMQTTWebsocket_IOS13 (3.0.7):
    - MqttCocoaAsyncSocket_IOS13 (= 14.0.0)
    - Starscream_IOS13 (= 4.0.4)
  - MqttCocoaAsyncSocket_IOS13 (14.0.0)
  - Sentry (8.46.0):
    - Sentry/Core (= 8.46.0)
  - Sentry/Core (8.46.0)
  - Starscream_IOS13 (4.0.4)
  - SwiftyJSON (5.0.2)

DEPENDENCIES:
  - AuviousSDK (from `../`)
  - CocoaMQTTWebsocket_IOS13 (from `https://github.com/jkritikos/CocoaMQTT_Fixed.git`)
  - MqttCocoaAsyncSocket_IOS13 (from `https://github.com/jkritikos/MqttCocoaAsyncSocket.git`, tag `14.0.0`)
  - Sentry (from `https://github.com/getsentry/sentry-cocoa.git`, tag `8.46.0`)
  - Starscream_IOS13 (from `https://github.com/jkritikos/Starscream.git`, tag `4.0.4`)

SPEC REPOS:
  https://github.com/auvious/CocoaPodSpecs.git:
    - AuviousGoogleWebRTC
  https://github.com/CocoaPods/Specs.git:
    - SwiftyJSON

EXTERNAL SOURCES:
  AuviousSDK:
    :path: "../"
  CocoaMQTTWebsocket_IOS13:
    :git: https://github.com/jkritikos/CocoaMQTT_Fixed.git
  MqttCocoaAsyncSocket_IOS13:
    :git: https://github.com/jkritikos/MqttCocoaAsyncSocket.git
    :tag: 14.0.0
  Sentry:
    :git: https://github.com/getsentry/sentry-cocoa.git
    :tag: 8.46.0
  Starscream_IOS13:
    :git: https://github.com/jkritikos/Starscream.git
    :tag: 4.0.4

CHECKOUT OPTIONS:
  CocoaMQTTWebsocket_IOS13:
    :commit: 37a0af611ef35ca0fabfb6cdb0f4ab60d2d627ae
    :git: https://github.com/jkritikos/CocoaMQTT_Fixed.git
  MqttCocoaAsyncSocket_IOS13:
    :git: https://github.com/jkritikos/MqttCocoaAsyncSocket.git
    :tag: 14.0.0
  Sentry:
    :git: https://github.com/getsentry/sentry-cocoa.git
    :tag: 8.46.0
  Starscream_IOS13:
    :git: https://github.com/jkritikos/Starscream.git
    :tag: 4.0.4

SPEC CHECKSUMS:
  AuviousGoogleWebRTC: 146e1bcb5423fbef3796d1e2cd28c7c592ae575a
  AuviousSDK: 5060a398949417b8fbe0ad5210373e20d5098dc0
  CocoaMQTTWebsocket_IOS13: cb657e8cfc7a0729b58f37a01f4cdf67b2fe259a
  MqttCocoaAsyncSocket_IOS13: a32f9a761890366c28d22a6383e2389ff2a5a312
  Sentry: da60d980b197a46db0b35ea12cb8f39af48d8854
  Starscream_IOS13: 71409ad6351f8df04b4a5814a01fc70f1a0bed7c
  SwiftyJSON: f5b1bf1cd8dd53cd25887ac0eabcfd92301c6a5a

PODFILE CHECKSUM: 1f447bdd21aff855dbfdb6c10316af68fe901502

COCOAPODS: 1.16.2
